
Microsoft Visual Studio Solution File, Format Version 12.00
# Visual Studio Version 16
VisualStudioVersion = 16.0.30011.22
MinimumVisualStudioVersion = 10.0.40219.1
Project("{888888A0-9F3D-457C-B088-3A5042F75D52}") = "Stock_program", "Stock_program\Stock_program.pyproj", "{B25A6D3F-472C-44F3-BE08-6CA8C84FA1CF}"
EndProject
Global
	GlobalSection(SolutionConfigurationPlatforms) = preSolution
		Debug|Any CPU = Debug|Any CPU
		Release|Any CPU = Release|Any CPU
	EndGlobalSection
	GlobalSection(ProjectConfigurationPlatforms) = postSolution
		{B25A6D3F-472C-44F3-BE08-6CA8C84FA1CF}.Debug|Any CPU.ActiveCfg = Debug|Any CPU
		{B25A6D3F-472C-44F3-BE08-6CA8C84FA1CF}.Release|Any CPU.ActiveCfg = Release|Any CPU
	EndGlobalSection
	GlobalSection(SolutionProperties) = preSolution
		HideSolutionNode = FALSE
	EndGlobalSection
	GlobalSection(ExtensibilityGlobals) = postSolution
		SolutionGuid = {81911A64-F4A2-44FB-A0F1-E06B1F7A984D}
	EndGlobalSection
EndGlobal
